PODS:
  - AFNetworking (2.6.0):
    - AFNetworking/NSURLConnection (= 2.6.0)
    - AFNetworking/NSURLSession (= 2.6.0)
    - AFNetworking/Reachability (= 2.6.0)
    - AFNetworking/Security (= 2.6.0)
    - AFNetworking/Serialization (= 2.6.0)
    - AFNetworking/UIKit (= 2.6.0)
  - AFNetworking/NSURLConnection (2.6.0):
    - AFNetworking/Reachability
    - AFNetworking/Security
    - AFNetworking/Serialization
  - AFNetworking/NSURLSession (2.6.0):
    - AFNetworking/Reachability
    - AFNetworking/Security
    - AFNetworking/Serialization
  - AFNetworking/Reachability (2.6.0)
  - AFNetworking/Security (2.6.0)
  - AFNetworking/Serialization (2.6.0)
  - AFNetworking/UIKit (2.6.0):
    - AFNetworking/NSURLConnection
    - AFNetworking/NSURLSession
  - BetweenKit (2.0.1)
  - OCMock (3.1.5)

DEPENDENCIES:
  - AFNetworking
  - BetweenKit (~> 2.0.0)
  - OCMock (from `https://github.com/SteveFortune/ocmock.git`)

EXTERNAL SOURCES:
  OCMock:
    :git: https://github.com/SteveFortune/ocmock.git

CHECKOUT OPTIONS:
  OCMock:
    :commit: f210b6952f9d89003a688afb89da2c6e266b4716
    :git: https://github.com/SteveFortune/ocmock.git

SPEC CHECKSUMS:
  AFNetworking: 79f7eb1a0fcfa7beb409332b2ca49afe9ce53b05
  BetweenKit: 89edc0c6dd96eb33ea02c097bb99a9b1c14880f0
  OCMock: 110ea016521797aac44fa4780c4827c29c0ca6dd

COCOAPODS: 0.38.2
