PODS:
  - OCMock (3.1.5)

DEPENDENCIES:
  - OCMock (from `https://github.com/SteveFortune/ocmock.git`)

EXTERNAL SOURCES:
  OCMock:
    :git: https://github.com/SteveFortune/ocmock.git

CHECKOUT OPTIONS:
  OCMock:
    :commit: f210b6952f9d89003a688afb89da2c6e266b4716
    :git: https://github.com/SteveFortune/ocmock.git

SPEC CHECKSUMS:
  OCMock: 110ea016521797aac44fa4780c4827c29c0ca6dd

COCOAPODS: 0.38.2
